
Microsoft Visual Studio Solution File, Format Version 12.00
# Visual Studio Version 16
VisualStudioVersion = 16.0.30114.105
MinimumVisualStudioVersion = 10.0.40219.1
Project("{2150E333-8FDC-42A3-9474-1A3956D46DE8}") = "src", "src", "{FD91F11E-219F-4928-9ACF-907EBF4C44F4}"
EndProject
Project("{FAE04EC0-301F-11D3-BF4B-00C04F79EFBC}") = "Accounts", "src\Accounts\Accounts.csproj", "{A7D68472-B7ED-4E40-86F0-B2A611D96DB0}"
EndProject
Project("{FAE04EC0-301F-11D3-BF4B-00C04F79EFBC}") = "Gateway", "src\Gateway\Gateway.csproj", "{B29560DE-C81A-4725-8ED9-5221A1DBD91B}"
EndProject
Project("{FAE04EC0-301F-11D3-BF4B-00C04F79EFBC}") = "Interviews", "src\Interviews\Interviews.csproj", "{83F6707B-9605-414F-9EF2-81ECE8792787}"
EndProject
Global
	GlobalSection(SolutionConfigurationPlatforms) = preSolution
		Debug|Any CPU = Debug|Any CPU
		Release|Any CPU = Release|Any CPU
	EndGlobalSection
	GlobalSection(SolutionProperties) = preSolution
		HideSolutionNode = FALSE
	EndGlobalSection
	GlobalSection(ProjectConfigurationPlatforms) = postSolution
		{A7D68472-B7ED-4E40-86F0-B2A611D96DB0}.Debug|Any CPU.ActiveCfg = Debug|Any CPU
		{A7D68472-B7ED-4E40-86F0-B2A611D96DB0}.Debug|Any CPU.Build.0 = Debug|Any CPU
		{A7D68472-B7ED-4E40-86F0-B2A611D96DB0}.Release|Any CPU.ActiveCfg = Release|Any CPU
		{A7D68472-B7ED-4E40-86F0-B2A611D96DB0}.Release|Any CPU.Build.0 = Release|Any CPU
		{B29560DE-C81A-4725-8ED9-5221A1DBD91B}.Debug|Any CPU.ActiveCfg = Debug|Any CPU
		{B29560DE-C81A-4725-8ED9-5221A1DBD91B}.Debug|Any CPU.Build.0 = Debug|Any CPU
		{B29560DE-C81A-4725-8ED9-5221A1DBD91B}.Release|Any CPU.ActiveCfg = Release|Any CPU
		{B29560DE-C81A-4725-8ED9-5221A1DBD91B}.Release|Any CPU.Build.0 = Release|Any CPU
		{83F6707B-9605-414F-9EF2-81ECE8792787}.Debug|Any CPU.ActiveCfg = Debug|Any CPU
		{83F6707B-9605-414F-9EF2-81ECE8792787}.Debug|Any CPU.Build.0 = Debug|Any CPU
		{83F6707B-9605-414F-9EF2-81ECE8792787}.Release|Any CPU.ActiveCfg = Release|Any CPU
		{83F6707B-9605-414F-9EF2-81ECE8792787}.Release|Any CPU.Build.0 = Release|Any CPU
	EndGlobalSection
	GlobalSection(NestedProjects) = preSolution
		{A7D68472-B7ED-4E40-86F0-B2A611D96DB0} = {FD91F11E-219F-4928-9ACF-907EBF4C44F4}
		{B29560DE-C81A-4725-8ED9-5221A1DBD91B} = {FD91F11E-219F-4928-9ACF-907EBF4C44F4}
		{83F6707B-9605-414F-9EF2-81ECE8792787} = {FD91F11E-219F-4928-9ACF-907EBF4C44F4}
	EndGlobalSection
EndGlobal
